
Microsoft Visual Studio Solution File, Format Version 12.00
# Visual Studio Version 17
VisualStudioVersion = 17.5.002.0
MinimumVisualStudioVersion = 10.0.40219.1
Project("{9A19103F-16F7-4668-BE54-9A1E7A4F7556}") = "0828quanlyhang", "0828quanlyhang.csproj", "{BE8F8A70-261A-44C3-A84F-6B363244E055}"
EndProject
Global
	GlobalSection(SolutionConfigurationPlatforms) = preSolution
		Debug|Any CPU = Debug|Any CPU
		Release|Any CPU = Release|Any CPU
	EndGlobalSection
	GlobalSection(ProjectConfigurationPlatforms) = postSolution
		{BE8F8A70-261A-44C3-A84F-6B363244E055}.Debug|Any CPU.ActiveCfg = Debug|Any CPU
		{BE8F8A70-261A-44C3-A84F-6B363244E055}.Debug|Any CPU.Build.0 = Debug|Any CPU
		{BE8F8A70-261A-44C3-A84F-6B363244E055}.Release|Any CPU.ActiveCfg = Release|Any CPU
		{BE8F8A70-261A-44C3-A84F-6B363244E055}.Release|Any CPU.Build.0 = Release|Any CPU
	EndGlobalSection
	GlobalSection(SolutionProperties) = preSolution
		HideSolutionNode = FALSE
	EndGlobalSection
	GlobalSection(ExtensibilityGlobals) = postSolution
		SolutionGuid = {75925112-8F8D-4F86-A5F2-889517206839}
	EndGlobalSection
EndGlobal
